
Microsoft Visual Studio Solution File, Format Version 12.00
# Visual Studio Version 17
VisualStudioVersion = 17.4.33213.308
MinimumVisualStudioVersion = 10.0.40219.1
Project("{9A19103F-16F7-4668-BE54-9A1E7A4F7556}") = "Entity", "Entity\Entity.csproj", "{86784D1B-73F0-4940-A639-650B8F44D421}"
EndProject
Project("{9A19103F-16F7-4668-BE54-9A1E7A4F7556}") = "Dal", "Dal\Dal.csproj", "{476837DD-9A94-4553-BC14-CB8CFD8885D7}"
EndProject
Project("{9A19103F-16F7-4668-BE54-9A1E7A4F7556}") = "Dto", "Dto\Dto.csproj", "{6203E3B9-0C76-45B6-B35E-80C479E401F9}"
EndProject
Project("{9A19103F-16F7-4668-BE54-9A1E7A4F7556}") = "Bll", "Bll\Bll.csproj", "{77EA7536-6DEB-4BE2-9F74-DD8231FDA311}"
EndProject
Project("{FAE04EC0-301F-11D3-BF4B-00C04F79EFBC}") = "WebApplication1", "WebApplication1\WebApplication1.csproj", "{0B0D55B5-C816-453B-8ECB-A0CB7CE9899D}"
EndProject
Global
	GlobalSection(SolutionConfigurationPlatforms) = preSolution
		Debug|Any CPU = Debug|Any CPU
		Release|Any CPU = Release|Any CPU
	EndGlobalSection
	GlobalSection(ProjectConfigurationPlatforms) = postSolution
		{86784D1B-73F0-4940-A639-650B8F44D421}.Debug|Any CPU.ActiveCfg = Debug|Any CPU
		{86784D1B-73F0-4940-A639-650B8F44D421}.Debug|Any CPU.Build.0 = Debug|Any CPU
		{86784D1B-73F0-4940-A639-650B8F44D421}.Release|Any CPU.ActiveCfg = Release|Any CPU
		{86784D1B-73F0-4940-A639-650B8F44D421}.Release|Any CPU.Build.0 = Release|Any CPU
		{476837DD-9A94-4553-BC14-CB8CFD8885D7}.Debug|Any CPU.ActiveCfg = Debug|Any CPU
		{476837DD-9A94-4553-BC14-CB8CFD8885D7}.Debug|Any CPU.Build.0 = Debug|Any CPU
		{476837DD-9A94-4553-BC14-CB8CFD8885D7}.Release|Any CPU.ActiveCfg = Release|Any CPU
		{476837DD-9A94-4553-BC14-CB8CFD8885D7}.Release|Any CPU.Build.0 = Release|Any CPU
		{6203E3B9-0C76-45B6-B35E-80C479E401F9}.Debug|Any CPU.ActiveCfg = Debug|Any CPU
		{6203E3B9-0C76-45B6-B35E-80C479E401F9}.Debug|Any CPU.Build.0 = Debug|Any CPU
		{6203E3B9-0C76-45B6-B35E-80C479E401F9}.Release|Any CPU.ActiveCfg = Release|Any CPU
		{6203E3B9-0C76-45B6-B35E-80C479E401F9}.Release|Any CPU.Build.0 = Release|Any CPU
		{77EA7536-6DEB-4BE2-9F74-DD8231FDA311}.Debug|Any CPU.ActiveCfg = Debug|Any CPU
		{77EA7536-6DEB-4BE2-9F74-DD8231FDA311}.Debug|Any CPU.Build.0 = Debug|Any CPU
		{77EA7536-6DEB-4BE2-9F74-DD8231FDA311}.Release|Any CPU.ActiveCfg = Release|Any CPU
		{77EA7536-6DEB-4BE2-9F74-DD8231FDA311}.Release|Any CPU.Build.0 = Release|Any CPU
		{0B0D55B5-C816-453B-8ECB-A0CB7CE9899D}.Debug|Any CPU.ActiveCfg = Debug|Any CPU
		{0B0D55B5-C816-453B-8ECB-A0CB7CE9899D}.Debug|Any CPU.Build.0 = Debug|Any CPU
		{0B0D55B5-C816-453B-8ECB-A0CB7CE9899D}.Release|Any CPU.ActiveCfg = Release|Any CPU
		{0B0D55B5-C816-453B-8ECB-A0CB7CE9899D}.Release|Any CPU.Build.0 = Release|Any CPU
	EndGlobalSection
	GlobalSection(SolutionProperties) = preSolution
		HideSolutionNode = FALSE
	EndGlobalSection
	GlobalSection(ExtensibilityGlobals) = postSolution
		SolutionGuid = {F01B2194-AA85-4BE5-B2EB-264ED584EE04}
	EndGlobalSection
EndGlobal
